
Microsoft Visual Studio Solution File, Format Version 12.00
# Visual Studio Version 16
VisualStudioVersion = 16.0.32106.194
MinimumVisualStudioVersion = 10.0.40219.1
Project("{FAE04EC0-301F-11D3-BF4B-00C04F79EFBC}") = "mantis-tests", "mantis-tests\mantis-tests.csproj", "{FC1B0720-440E-422C-89ED-769661AA7901}"
EndProject
Project("{2150E333-8FDC-42A3-9474-1A3956D46DE8}") = "Solution Items", "Solution Items", "{11155E98-43A9-411B-B299-B7EA791DB9CB}"
EndProject
Global
	GlobalSection(SolutionConfigurationPlatforms) = preSolution
		Debug|Any CPU = Debug|Any CPU
		Release|Any CPU = Release|Any CPU
	EndGlobalSection
	GlobalSection(ProjectConfigurationPlatforms) = postSolution
		{FC1B0720-440E-422C-89ED-769661AA7901}.Debug|Any CPU.ActiveCfg = Debug|Any CPU
		{FC1B0720-440E-422C-89ED-769661AA7901}.Debug|Any CPU.Build.0 = Debug|Any CPU
		{FC1B0720-440E-422C-89ED-769661AA7901}.Release|Any CPU.ActiveCfg = Release|Any CPU
		{FC1B0720-440E-422C-89ED-769661AA7901}.Release|Any CPU.Build.0 = Release|Any CPU
	EndGlobalSection
	GlobalSection(SolutionProperties) = preSolution
		HideSolutionNode = FALSE
	EndGlobalSection
	GlobalSection(ExtensibilityGlobals) = postSolution
		SolutionGuid = {822BB3D1-0B0A-4B73-B175-7F7F60999904}
	EndGlobalSection
EndGlobal
